
Microsoft Visual Studio Solution File, Format Version 12.00
# Visual Studio Version 17
VisualStudioVersion = 17.4.33213.308
MinimumVisualStudioVersion = 10.0.40219.1
Project("{9A19103F-16F7-4668-BE54-9A1E7A4F7556}") = "DesignPattern", "BuilderDesignPattern\DesignPattern.csproj", "{0AC7793E-5ED0-43FB-ACEC-5150300F6115}"
EndProject
Project("{9A19103F-16F7-4668-BE54-9A1E7A4F7556}") = "Common", "Common\Common.csproj", "{652BFE2E-D0AF-44C2-828E-238771F30098}"
EndProject
Project("{9A19103F-16F7-4668-BE54-9A1E7A4F7556}") = "BuilderPattern", "BuilderPattern\BuilderPattern.csproj", "{6C5C99B5-2ABD-45FA-9DCF-1F4386344ECC}"
EndProject
Project("{FAE04EC0-301F-11D3-BF4B-00C04F79EFBC}") = "StrategyPattern", "StrategyPattern\StrategyPattern.csproj", "{A9D299B2-102F-42FE-BEEA-0A08C4A20B59}"
EndProject
Global
	GlobalSection(SolutionConfigurationPlatforms) = preSolution
		Debug|Any CPU = Debug|Any CPU
		Release|Any CPU = Release|Any CPU
	EndGlobalSection
	GlobalSection(ProjectConfigurationPlatforms) = postSolution
		{0AC7793E-5ED0-43FB-ACEC-5150300F6115}.Debug|Any CPU.ActiveCfg = Debug|Any CPU
		{0AC7793E-5ED0-43FB-ACEC-5150300F6115}.Debug|Any CPU.Build.0 = Debug|Any CPU
		{0AC7793E-5ED0-43FB-ACEC-5150300F6115}.Release|Any CPU.ActiveCfg = Release|Any CPU
		{0AC7793E-5ED0-43FB-ACEC-5150300F6115}.Release|Any CPU.Build.0 = Release|Any CPU
		{652BFE2E-D0AF-44C2-828E-238771F30098}.Debug|Any CPU.ActiveCfg = Debug|Any CPU
		{652BFE2E-D0AF-44C2-828E-238771F30098}.Debug|Any CPU.Build.0 = Debug|Any CPU
		{652BFE2E-D0AF-44C2-828E-238771F30098}.Release|Any CPU.ActiveCfg = Release|Any CPU
		{652BFE2E-D0AF-44C2-828E-238771F30098}.Release|Any CPU.Build.0 = Release|Any CPU
		{6C5C99B5-2ABD-45FA-9DCF-1F4386344ECC}.Debug|Any CPU.ActiveCfg = Debug|Any CPU
		{6C5C99B5-2ABD-45FA-9DCF-1F4386344ECC}.Debug|Any CPU.Build.0 = Debug|Any CPU
		{6C5C99B5-2ABD-45FA-9DCF-1F4386344ECC}.Release|Any CPU.ActiveCfg = Release|Any CPU
		{6C5C99B5-2ABD-45FA-9DCF-1F4386344ECC}.Release|Any CPU.Build.0 = Release|Any CPU
		{A9D299B2-102F-42FE-BEEA-0A08C4A20B59}.Debug|Any CPU.ActiveCfg = Debug|Any CPU
		{A9D299B2-102F-42FE-BEEA-0A08C4A20B59}.Debug|Any CPU.Build.0 = Debug|Any CPU
		{A9D299B2-102F-42FE-BEEA-0A08C4A20B59}.Release|Any CPU.ActiveCfg = Release|Any CPU
		{A9D299B2-102F-42FE-BEEA-0A08C4A20B59}.Release|Any CPU.Build.0 = Release|Any CPU
	EndGlobalSection
	GlobalSection(SolutionProperties) = preSolution
		HideSolutionNode = FALSE
	EndGlobalSection
	GlobalSection(ExtensibilityGlobals) = postSolution
		SolutionGuid = {A659FE18-CF3B-4A54-A0A2-D9BDD3C6BD67}
	EndGlobalSection
EndGlobal
