
Microsoft Visual Studio Solution File, Format Version 12.00
# Visual Studio Version 17
VisualStudioVersion = 17.4.33213.308
MinimumVisualStudioVersion = 10.0.40219.1
Project("{9A19103F-16F7-4668-BE54-9A1E7A4F7556}") = "Common", "Common\Common.csproj", "{652BFE2E-D0AF-44C2-828E-238771F30098}"
EndProject
Project("{9A19103F-16F7-4668-BE54-9A1E7A4F7556}") = "BuilderPattern", "BuilderPattern\BuilderPattern.csproj", "{6C5C99B5-2ABD-45FA-9DCF-1F4386344ECC}"
EndProject
Project("{9A19103F-16F7-4668-BE54-9A1E7A4F7556}") = "StrategyPattern", "StrategyPattern\StrategyPattern.csproj", "{A9D299B2-102F-42FE-BEEA-0A08C4A20B59}"
EndProject
Project("{9A19103F-16F7-4668-BE54-9A1E7A4F7556}") = "DesignPattern", "DesignPattern\DesignPattern.csproj", "{03DB9C92-7210-4216-82D1-6306265CD2DE}"
EndProject
Project("{9A19103F-16F7-4668-BE54-9A1E7A4F7556}") = "DecoratorPattern", "DecoratorPattern\DecoratorPattern.csproj", "{1B822F8C-1F95-4436-8CD0-CA4E820C54DB}"
EndProject
Project("{2150E333-8FDC-42A3-9474-1A3956D46DE8}") = "Servies", "Servies", "{3E4DAE57-6C3C-4CCA-A9A2-57712F2C3037}"
EndProject
Project("{9A19103F-16F7-4668-BE54-9A1E7A4F7556}") = "EmailService", "Services\EmailService\EmailService.csproj", "{ACDDE3BB-49C7-41B5-BA29-AB810A3A7D2F}"
EndProject
Project("{9A19103F-16F7-4668-BE54-9A1E7A4F7556}") = "ExcelFileService", "Services\ExcelFileService\ExcelFileService.csproj", "{AEA8F23D-778F-4B2F-B6B1-FC5D138ACE2D}"
EndProject
Project("{9A19103F-16F7-4668-BE54-9A1E7A4F7556}") = "PhoneService", "Services\PhoneService\PhoneService.csproj", "{C1DA7585-EFB4-48D3-8F1A-FC1F6AC7A099}"
EndProject
Project("{FAE04EC0-301F-11D3-BF4B-00C04F79EFBC}") = "ProxyPattern", "ProxyPattern\ProxyPattern.csproj", "{6B20BDB0-8491-4D3B-B20B-EBE2E5C6030B}"
EndProject
Global
	GlobalSection(SolutionConfigurationPlatforms) = preSolution
		Debug|Any CPU = Debug|Any CPU
		Release|Any CPU = Release|Any CPU
	EndGlobalSection
	GlobalSection(ProjectConfigurationPlatforms) = postSolution
		{652BFE2E-D0AF-44C2-828E-238771F30098}.Debug|Any CPU.ActiveCfg = Debug|Any CPU
		{652BFE2E-D0AF-44C2-828E-238771F30098}.Debug|Any CPU.Build.0 = Debug|Any CPU
		{652BFE2E-D0AF-44C2-828E-238771F30098}.Release|Any CPU.ActiveCfg = Release|Any CPU
		{652BFE2E-D0AF-44C2-828E-238771F30098}.Release|Any CPU.Build.0 = Release|Any CPU
		{6C5C99B5-2ABD-45FA-9DCF-1F4386344ECC}.Debug|Any CPU.ActiveCfg = Debug|Any CPU
		{6C5C99B5-2ABD-45FA-9DCF-1F4386344ECC}.Debug|Any CPU.Build.0 = Debug|Any CPU
		{6C5C99B5-2ABD-45FA-9DCF-1F4386344ECC}.Release|Any CPU.ActiveCfg = Release|Any CPU
		{6C5C99B5-2ABD-45FA-9DCF-1F4386344ECC}.Release|Any CPU.Build.0 = Release|Any CPU
		{A9D299B2-102F-42FE-BEEA-0A08C4A20B59}.Debug|Any CPU.ActiveCfg = Debug|Any CPU
		{A9D299B2-102F-42FE-BEEA-0A08C4A20B59}.Debug|Any CPU.Build.0 = Debug|Any CPU
		{A9D299B2-102F-42FE-BEEA-0A08C4A20B59}.Release|Any CPU.ActiveCfg = Release|Any CPU
		{A9D299B2-102F-42FE-BEEA-0A08C4A20B59}.Release|Any CPU.Build.0 = Release|Any CPU
		{03DB9C92-7210-4216-82D1-6306265CD2DE}.Debug|Any CPU.ActiveCfg = Debug|Any CPU
		{03DB9C92-7210-4216-82D1-6306265CD2DE}.Debug|Any CPU.Build.0 = Debug|Any CPU
		{03DB9C92-7210-4216-82D1-6306265CD2DE}.Release|Any CPU.ActiveCfg = Release|Any CPU
		{03DB9C92-7210-4216-82D1-6306265CD2DE}.Release|Any CPU.Build.0 = Release|Any CPU
		{1B822F8C-1F95-4436-8CD0-CA4E820C54DB}.Debug|Any CPU.ActiveCfg = Debug|Any CPU
		{1B822F8C-1F95-4436-8CD0-CA4E820C54DB}.Debug|Any CPU.Build.0 = Debug|Any CPU
		{1B822F8C-1F95-4436-8CD0-CA4E820C54DB}.Release|Any CPU.ActiveCfg = Release|Any CPU
		{1B822F8C-1F95-4436-8CD0-CA4E820C54DB}.Release|Any CPU.Build.0 = Release|Any CPU
		{ACDDE3BB-49C7-41B5-BA29-AB810A3A7D2F}.Debug|Any CPU.ActiveCfg = Debug|Any CPU
		{ACDDE3BB-49C7-41B5-BA29-AB810A3A7D2F}.Debug|Any CPU.Build.0 = Debug|Any CPU
		{ACDDE3BB-49C7-41B5-BA29-AB810A3A7D2F}.Release|Any CPU.ActiveCfg = Release|Any CPU
		{ACDDE3BB-49C7-41B5-BA29-AB810A3A7D2F}.Release|Any CPU.Build.0 = Release|Any CPU
		{AEA8F23D-778F-4B2F-B6B1-FC5D138ACE2D}.Debug|Any CPU.ActiveCfg = Debug|Any CPU
		{AEA8F23D-778F-4B2F-B6B1-FC5D138ACE2D}.Debug|Any CPU.Build.0 = Debug|Any CPU
		{AEA8F23D-778F-4B2F-B6B1-FC5D138ACE2D}.Release|Any CPU.ActiveCfg = Release|Any CPU
		{AEA8F23D-778F-4B2F-B6B1-FC5D138ACE2D}.Release|Any CPU.Build.0 = Release|Any CPU
		{C1DA7585-EFB4-48D3-8F1A-FC1F6AC7A099}.Debug|Any CPU.ActiveCfg = Debug|Any CPU
		{C1DA7585-EFB4-48D3-8F1A-FC1F6AC7A099}.Debug|Any CPU.Build.0 = Debug|Any CPU
		{C1DA7585-EFB4-48D3-8F1A-FC1F6AC7A099}.Release|Any CPU.ActiveCfg = Release|Any CPU
		{C1DA7585-EFB4-48D3-8F1A-FC1F6AC7A099}.Release|Any CPU.Build.0 = Release|Any CPU
		{6B20BDB0-8491-4D3B-B20B-EBE2E5C6030B}.Debug|Any CPU.ActiveCfg = Debug|Any CPU
		{6B20BDB0-8491-4D3B-B20B-EBE2E5C6030B}.Debug|Any CPU.Build.0 = Debug|Any CPU
		{6B20BDB0-8491-4D3B-B20B-EBE2E5C6030B}.Release|Any CPU.ActiveCfg = Release|Any CPU
		{6B20BDB0-8491-4D3B-B20B-EBE2E5C6030B}.Release|Any CPU.Build.0 = Release|Any CPU
	EndGlobalSection
	GlobalSection(SolutionProperties) = preSolution
		HideSolutionNode = FALSE
	EndGlobalSection
	GlobalSection(NestedProjects) = preSolution
		{ACDDE3BB-49C7-41B5-BA29-AB810A3A7D2F} = {3E4DAE57-6C3C-4CCA-A9A2-57712F2C3037}
		{AEA8F23D-778F-4B2F-B6B1-FC5D138ACE2D} = {3E4DAE57-6C3C-4CCA-A9A2-57712F2C3037}
		{C1DA7585-EFB4-48D3-8F1A-FC1F6AC7A099} = {3E4DAE57-6C3C-4CCA-A9A2-57712F2C3037}
	EndGlobalSection
	GlobalSection(ExtensibilityGlobals) = postSolution
		SolutionGuid = {A659FE18-CF3B-4A54-A0A2-D9BDD3C6BD67}
	EndGlobalSection
EndGlobal
